
Microsoft Visual Studio Solution File, Format Version 12.00
# Visual Studio Version 17
VisualStudioVersion = 17.7.34031.279
MinimumVisualStudioVersion = 10.0.40219.1
Project("{888888A0-9F3D-457C-B088-3A5042F75D52}") = "BlackJack", "BlackJack.pyproj", "{86C8683A-1EB8-42E6-823D-E0DD24818A64}"
EndProject
Global
	GlobalSection(SolutionConfigurationPlatforms) = preSolution
		Debug|Any CPU = Debug|Any CPU
		Release|Any CPU = Release|Any CPU
	EndGlobalSection
	GlobalSection(ProjectConfigurationPlatforms) = postSolution
		{86C8683A-1EB8-42E6-823D-E0DD24818A64}.Debug|Any CPU.ActiveCfg = Debug|Any CPU
		{86C8683A-1EB8-42E6-823D-E0DD24818A64}.Release|Any CPU.ActiveCfg = Release|Any CPU
	EndGlobalSection
	GlobalSection(SolutionProperties) = preSolution
		HideSolutionNode = FALSE
	EndGlobalSection
	GlobalSection(ExtensibilityGlobals) = postSolution
		SolutionGuid = {DF3BEFA3-F8BB-41E7-B99D-34D9E1C78E84}
	EndGlobalSection
EndGlobal
